
Microsoft Visual Studio Solution File, Format Version 12.00
# Visual Studio Version 16
VisualStudioVersion = 16.0.30523.141
MinimumVisualStudioVersion = 10.0.40219.1
Project("{FAE04EC0-301F-11D3-BF4B-00C04F79EFBC}") = "SearchEngineRank", "SearchEngineRank\SearchEngineRank.csproj", "{1AFA53D9-ED9E-4B30-BA2F-A8CA14C4DBC6}"
EndProject
Project("{FAE04EC0-301F-11D3-BF4B-00C04F79EFBC}") = "TestSearchEngineRank", "TestSearchEngineRank\TestSearchEngineRank.csproj", "{5D305BC6-1E47-4124-BA42-5CF7DCB51353}"
EndProject
Global
	GlobalSection(SolutionConfigurationPlatforms) = preSolution
		Debug|Any CPU = Debug|Any CPU
		Release|Any CPU = Release|Any CPU
	EndGlobalSection
	GlobalSection(ProjectConfigurationPlatforms) = postSolution
		{1AFA53D9-ED9E-4B30-BA2F-A8CA14C4DBC6}.Debug|Any CPU.ActiveCfg = Debug|Any CPU
		{1AFA53D9-ED9E-4B30-BA2F-A8CA14C4DBC6}.Debug|Any CPU.Build.0 = Debug|Any CPU
		{1AFA53D9-ED9E-4B30-BA2F-A8CA14C4DBC6}.Release|Any CPU.ActiveCfg = Release|Any CPU
		{1AFA53D9-ED9E-4B30-BA2F-A8CA14C4DBC6}.Release|Any CPU.Build.0 = Release|Any CPU
		{5D305BC6-1E47-4124-BA42-5CF7DCB51353}.Debug|Any CPU.ActiveCfg = Debug|Any CPU
		{5D305BC6-1E47-4124-BA42-5CF7DCB51353}.Debug|Any CPU.Build.0 = Debug|Any CPU
		{5D305BC6-1E47-4124-BA42-5CF7DCB51353}.Release|Any CPU.ActiveCfg = Release|Any CPU
		{5D305BC6-1E47-4124-BA42-5CF7DCB51353}.Release|Any CPU.Build.0 = Release|Any CPU
	EndGlobalSection
	GlobalSection(SolutionProperties) = preSolution
		HideSolutionNode = FALSE
	EndGlobalSection
	GlobalSection(ExtensibilityGlobals) = postSolution
		SolutionGuid = {41CBAA01-708D-4A1D-9771-860C952DBA77}
	EndGlobalSection
EndGlobal
